schema: '2.0'
stages:
  load_data:
    cmd: python ./saved_models/src/load_data.py --config=params.yaml
    deps:
    - path: ./data_given/data_file_lab.csv
      md5: 7a3a75bce90273926aca4e25192eaf7a
      size: 18294546
    - path: ./saved_models/src/get_data.py
      md5: 8be524c003abea44b3b048ac01470b7e
      size: 793
    - path: ./saved_models/src/load_data.py
      md5: f24f265a371248a9e24f07ef8ddb9153
      size: 504
    outs:
    - path: ./data/raw/data_file_lab.csv
      md5: d9605d704cfadd8e0cf38db91087ed59
      size: 18195362
  split_data:
    cmd: python ./saved_models/src/split_data.py --config=params.yaml
    deps:
    - path: ./data/raw/data_file_lab.csv
      md5: d9605d704cfadd8e0cf38db91087ed59
      size: 18195362
    - path: ./saved_models/src/split_data.py
      md5: 3b7e2cd5cc4f3a98fefba67d61560e86
      size: 1490
    outs:
    - path: ./data/processed/x_test.csv
      md5: 64a99881026c885cc24d3a6830f9b397
      size: 3580065
    - path: ./data/processed/x_train.csv
      md5: 94af371da524383f746320946f60ac0a
      size: 14594326
    - path: ./data/processed/y_test.csv
      md5: 398f2b9d16804be7dab67ad7a80c5504
      size: 5022
    - path: ./data/processed/y_train.csv
      md5: 45c94bd1509c0ab76af48f8785fa06a1
      size: 20082
  train_and_evaluate:
    cmd: python  ./saved_models/src/train_and_evaluate.py --config=params.yaml
    deps:
    - path: ./data/processed/x_test.csv
      md5: 64a99881026c885cc24d3a6830f9b397
      size: 3580065
    - path: ./data/processed/x_train.csv
      md5: 94af371da524383f746320946f60ac0a
      size: 14594326
    - path: ./data/processed/y_test.csv
      md5: 398f2b9d16804be7dab67ad7a80c5504
      size: 5022
    - path: ./data/processed/y_train.csv
      md5: 45c94bd1509c0ab76af48f8785fa06a1
      size: 20082
    - path: ./saved_models/src/train_and_evaluate.py
      md5: e0aecf93998e315093acf99ff404c32d
      size: 4532
    outs:
    - path: ./saved_models/model.joblib
      md5: b441d4b5cb4a7c6146336b8faaf42ec2
      size: 648457
    - path: report/scores.json
      md5: 662b7469413906e4740dc483ef0f9887
      size: 32
