schema: '2.0'
stages:
  load_data:
    cmd: python ./saved_models/src/load_data.py --config=params.yaml
    deps:
    - path: ./data_given/data_file_lab.csv
      md5: 7a3a75bce90273926aca4e25192eaf7a
      size: 18294546
    - path: ./saved_models/src/get_data.py
      md5: 6e99d9f69e43fac5f94381554a4cd221
      size: 776
    - path: ./saved_models/src/load_data.py
      md5: f24f265a371248a9e24f07ef8ddb9153
      size: 504
    outs:
    - path: ./data/raw/data_file_lab.csv
      md5: d9605d704cfadd8e0cf38db91087ed59
      size: 18195362
  split_data:
    cmd: python ./saved_models/src/split_data.py --config=params.yaml
    deps:
    - path: ./data/raw/data_file_lab.csv
      md5: d9605d704cfadd8e0cf38db91087ed59
      size: 18195362
    - path: ./saved_models/src/split_data.py
      md5: 3b7e2cd5cc4f3a98fefba67d61560e86
      size: 1490
    outs:
    - path: ./data/processed/x_test.csv
      md5: 4116be92f1ab73dc47dda87ab55b2b24
      size: 6295464
    - path: ./data/processed/x_train.csv
      md5: 16c9a4625cdb66f3c452126ca99d1cd0
      size: 11878927
    - path: ./data/processed/y_test.csv
      md5: 5be237aa1244c921d8b06c0f1748a6d8
      size: 8787
    - path: ./data/processed/y_train.csv
      md5: 0bc79fd1962b7f7d95fd9ed38bd3b92e
      size: 16317
  train_and_evaluate:
    cmd: python  ./saved_models/src/train_and_evaluate.py --config=params.yaml
    deps:
    - path: ./data/processed/x_test.csv
      md5: 4116be92f1ab73dc47dda87ab55b2b24
      size: 6295464
    - path: ./data/processed/x_train.csv
      md5: 16c9a4625cdb66f3c452126ca99d1cd0
      size: 11878927
    - path: ./data/processed/y_test.csv
      md5: 5be237aa1244c921d8b06c0f1748a6d8
      size: 8787
    - path: ./data/processed/y_train.csv
      md5: 0bc79fd1962b7f7d95fd9ed38bd3b92e
      size: 16317
    - path: ./saved_models/src/train_and_evaluate.py
      md5: e0aecf93998e315093acf99ff404c32d
      size: 4532
    outs:
    - path: ./saved_models/model.joblib
      md5: 8e644a0272e8808f6a356c323cebe4e3
      size: 598729
    - path: report/scores.json
      md5: ac17b1352388c412fb7abec82488996d
      size: 32
